
Microsoft Visual Studio Solution File, Format Version 11.00
# Visual Studio 2010
Project("{FAE04EC0-301F-11D3-BF4B-00C04F79EFBC}") = "QuanLyKho", "QuanLyKho\QuanLyKho.csproj", "{B21A29F6-5CDB-4330-9A04-86EC517B0530}"
EndProject
Project("{FAE04EC0-301F-11D3-BF4B-00C04F79EFBC}") = "DTO", "DTO\DTO.csproj", "{60DAB8E2-F17C-4862-A1FD-CF0B5131F639}"
EndProject
Project("{FAE04EC0-301F-11D3-BF4B-00C04F79EFBC}") = "DAL", "DAL\DAL.csproj", "{BC89BA9A-6CC0-4A97-A894-9DA60F918097}"
EndProject
Project("{FAE04EC0-301F-11D3-BF4B-00C04F79EFBC}") = "BLL", "BLL\BLL.csproj", "{95AFB701-A3AC-4845-9BAB-A2821CB78F50}"
EndProject
Project("{54435603-DBB4-11D2-8724-00A0C9A8B90C}") = "setup", "setup\setup.vdproj", "{33CD9742-007E-46B9-916D-2F9EF63A3DDC}"
EndProject
Global
	GlobalSection(SolutionConfigurationPlatforms) = preSolution
		Debug|Any CPU = Debug|Any CPU
		Debug|Mixed Platforms = Debug|Mixed Platforms
		Debug|x86 = Debug|x86
		Release|Any CPU = Release|Any CPU
		Release|Mixed Platforms = Release|Mixed Platforms
		Release|x86 = Release|x86
	EndGlobalSection
	GlobalSection(ProjectConfigurationPlatforms) = postSolution
		{B21A29F6-5CDB-4330-9A04-86EC517B0530}.Debug|Any CPU.ActiveCfg = Debug|x86
		{B21A29F6-5CDB-4330-9A04-86EC517B0530}.Debug|Mixed Platforms.ActiveCfg = Debug|x86
		{B21A29F6-5CDB-4330-9A04-86EC517B0530}.Debug|Mixed Platforms.Build.0 = Debug|x86
		{B21A29F6-5CDB-4330-9A04-86EC517B0530}.Debug|x86.ActiveCfg = Debug|x86
		{B21A29F6-5CDB-4330-9A04-86EC517B0530}.Debug|x86.Build.0 = Debug|x86
		{B21A29F6-5CDB-4330-9A04-86EC517B0530}.Release|Any CPU.ActiveCfg = Release|x86
		{B21A29F6-5CDB-4330-9A04-86EC517B0530}.Release|Mixed Platforms.ActiveCfg = Release|x86
		{B21A29F6-5CDB-4330-9A04-86EC517B0530}.Release|Mixed Platforms.Build.0 = Release|x86
		{B21A29F6-5CDB-4330-9A04-86EC517B0530}.Release|x86.ActiveCfg = Release|x86
		{B21A29F6-5CDB-4330-9A04-86EC517B0530}.Release|x86.Build.0 = Release|x86
		{60DAB8E2-F17C-4862-A1FD-CF0B5131F639}.Debug|Any CPU.ActiveCfg = Debug|Any CPU
		{60DAB8E2-F17C-4862-A1FD-CF0B5131F639}.Debug|Any CPU.Build.0 = Debug|Any CPU
		{60DAB8E2-F17C-4862-A1FD-CF0B5131F639}.Debug|Mixed Platforms.ActiveCfg = Debug|Any CPU
		{60DAB8E2-F17C-4862-A1FD-CF0B5131F639}.Debug|Mixed Platforms.Build.0 = Debug|Any CPU
		{60DAB8E2-F17C-4862-A1FD-CF0B5131F639}.Debug|x86.ActiveCfg = Debug|Any CPU
		{60DAB8E2-F17C-4862-A1FD-CF0B5131F639}.Release|Any CPU.ActiveCfg = Release|Any CPU
		{60DAB8E2-F17C-4862-A1FD-CF0B5131F639}.Release|Any CPU.Build.0 = Release|Any CPU
		{60DAB8E2-F17C-4862-A1FD-CF0B5131F639}.Release|Mixed Platforms.ActiveCfg = Release|Any CPU
		{60DAB8E2-F17C-4862-A1FD-CF0B5131F639}.Release|Mixed Platforms.Build.0 = Release|Any CPU
		{60DAB8E2-F17C-4862-A1FD-CF0B5131F639}.Release|x86.ActiveCfg = Release|Any CPU
		{BC89BA9A-6CC0-4A97-A894-9DA60F918097}.Debug|Any CPU.ActiveCfg = Debug|Any CPU
		{BC89BA9A-6CC0-4A97-A894-9DA60F918097}.Debug|Any CPU.Build.0 = Debug|Any CPU
		{BC89BA9A-6CC0-4A97-A894-9DA60F918097}.Debug|Mixed Platforms.ActiveCfg = Debug|Any CPU
		{BC89BA9A-6CC0-4A97-A894-9DA60F918097}.Debug|Mixed Platforms.Build.0 = Debug|Any CPU
		{BC89BA9A-6CC0-4A97-A894-9DA60F918097}.Debug|x86.ActiveCfg = Debug|Any CPU
		{BC89BA9A-6CC0-4A97-A894-9DA60F918097}.Release|Any CPU.ActiveCfg = Release|Any CPU
		{BC89BA9A-6CC0-4A97-A894-9DA60F918097}.Release|Any CPU.Build.0 = Release|Any CPU
		{BC89BA9A-6CC0-4A97-A894-9DA60F918097}.Release|Mixed Platforms.ActiveCfg = Release|Any CPU
		{BC89BA9A-6CC0-4A97-A894-9DA60F918097}.Release|Mixed Platforms.Build.0 = Release|Any CPU
		{BC89BA9A-6CC0-4A97-A894-9DA60F918097}.Release|x86.ActiveCfg = Release|Any CPU
		{95AFB701-A3AC-4845-9BAB-A2821CB78F50}.Debug|Any CPU.ActiveCfg = Debug|Any CPU
		{95AFB701-A3AC-4845-9BAB-A2821CB78F50}.Debug|Any CPU.Build.0 = Debug|Any CPU
		{95AFB701-A3AC-4845-9BAB-A2821CB78F50}.Debug|Mixed Platforms.ActiveCfg = Debug|Any CPU
		{95AFB701-A3AC-4845-9BAB-A2821CB78F50}.Debug|Mixed Platforms.Build.0 = Debug|Any CPU
		{95AFB701-A3AC-4845-9BAB-A2821CB78F50}.Debug|x86.ActiveCfg = Debug|Any CPU
		{95AFB701-A3AC-4845-9BAB-A2821CB78F50}.Release|Any CPU.ActiveCfg = Release|Any CPU
		{95AFB701-A3AC-4845-9BAB-A2821CB78F50}.Release|Any CPU.Build.0 = Release|Any CPU
		{95AFB701-A3AC-4845-9BAB-A2821CB78F50}.Release|Mixed Platforms.ActiveCfg = Release|Any CPU
		{95AFB701-A3AC-4845-9BAB-A2821CB78F50}.Release|Mixed Platforms.Build.0 = Release|Any CPU
		{95AFB701-A3AC-4845-9BAB-A2821CB78F50}.Release|x86.ActiveCfg = Release|Any CPU
		{33CD9742-007E-46B9-916D-2F9EF63A3DDC}.Debug|Any CPU.ActiveCfg = Debug
		{33CD9742-007E-46B9-916D-2F9EF63A3DDC}.Debug|Mixed Platforms.ActiveCfg = Debug
		{33CD9742-007E-46B9-916D-2F9EF63A3DDC}.Debug|x86.ActiveCfg = Debug
		{33CD9742-007E-46B9-916D-2F9EF63A3DDC}.Release|Any CPU.ActiveCfg = Release
		{33CD9742-007E-46B9-916D-2F9EF63A3DDC}.Release|Mixed Platforms.ActiveCfg = Release
		{33CD9742-007E-46B9-916D-2F9EF63A3DDC}.Release|x86.ActiveCfg = Release
	EndGlobalSection
	GlobalSection(SolutionProperties) = preSolution
		HideSolutionNode = FALSE
	EndGlobalSection
EndGlobal
